
Microsoft Visual Studio Solution File, Format Version 12.00
# Visual Studio 15
VisualStudioVersion = 15.0.28307.136
MinimumVisualStudioVersion = 10.0.40219.1
Project("{FAE04EC0-301F-11D3-BF4B-00C04F79EFBC}") = "Heranca2", "Heranca2\Heranca2.csproj", "{4B6F6458-26D0-48D0-B770-AC9AFE366168}"
EndProject
Global
	GlobalSection(SolutionConfigurationPlatforms) = preSolution
		Debug|Any CPU = Debug|Any CPU
		Release|Any CPU = Release|Any CPU
	EndGlobalSection
	GlobalSection(ProjectConfigurationPlatforms) = postSolution
		{4B6F6458-26D0-48D0-B770-AC9AFE366168}.Debug|Any CPU.ActiveCfg = Debug|Any CPU
		{4B6F6458-26D0-48D0-B770-AC9AFE366168}.Debug|Any CPU.Build.0 = Debug|Any CPU
		{4B6F6458-26D0-48D0-B770-AC9AFE366168}.Release|Any CPU.ActiveCfg = Release|Any CPU
		{4B6F6458-26D0-48D0-B770-AC9AFE366168}.Release|Any CPU.Build.0 = Release|Any CPU
	EndGlobalSection
	GlobalSection(SolutionProperties) = preSolution
		HideSolutionNode = FALSE
	EndGlobalSection
	GlobalSection(ExtensibilityGlobals) = postSolution
		SolutionGuid = {EC959325-B11A-43D1-8D79-6C4F2C871A5F}
	EndGlobalSection
EndGlobal
